{
  "version": 4,
  "terraform_version": "1.11.2",
  "serial": 5,
  "lineage": "ba6854e0-6115-d354-2c7b-c5f2c0b28ed0",
  "outputs": {},
  "resources": [
    {
      "mode": "managed",
      "type": "google_compute_firewall",
      "name": "default-allow-http",
      "provider": "provider[\"registry.terraform.io/hashicorp/google\"]",
      "instances": [
        {
          "schema_version": 1,
          "attributes": {
            "allow": [
              {
                "ports": [
                  "5000"
                ],
                "protocol": "tcp"
              }
            ],
            "creation_timestamp": "2025-07-09T12:36:47.836-07:00",
            "deny": [],
            "description": "",
            "destination_ranges": [],
            "direction": "INGRESS",
            "disabled": false,
            "enable_logging": null,
            "id": "projects/monsters-eleven-social/global/firewalls/allow-http",
            "log_config": [],
            "name": "allow-http",
            "network": "https://www.googleapis.com/compute/v1/projects/monsters-eleven-social/global/networks/default",
            "priority": 1000,
            "project": "monsters-eleven-social",
            "self_link": "https://www.googleapis.com/compute/v1/projects/monsters-eleven-social/global/firewalls/allow-http",
            "source_ranges": [
              "0.0.0.0/0"
            ],
            "source_service_accounts": [],
            "source_tags": [],
            "target_service_accounts": [],
            "target_tags": [
              "http-server"
            ],
            "timeouts": null
          },
          "sensitive_attributes": [],
          "private": "eyJlMmJmYjczMC1lY2FhLTExZTYtOGY4OC0zNDM2M2JjN2M0YzAiOnsiY3JlYXRlIjoxMjAwMDAwMDAwMDAwLCJkZWxldGUiOjEyMDAwMDAwMDAwMDAsInVwZGF0ZSI6MTIwMDAwMDAwMDAwMH0sInNjaGVtYV92ZXJzaW9uIjoiMSJ9"
        }
      ]
    },
    {
      "mode": "managed",
      "type": "google_compute_instance",
      "name": "monsters11_vm",
      "provider": "provider[\"registry.terraform.io/hashicorp/google\"]",
      "instances": [
        {
          "schema_version": 6,
          "attributes": {
            "advanced_machine_features": [],
            "allow_stopping_for_update": null,
            "attached_disk": [],
            "boot_disk": [
              {
                "auto_delete": true,
                "device_name": "persistent-disk-0",
                "disk_encryption_key_raw": "",
                "disk_encryption_key_rsa": "",
                "disk_encryption_key_sha256": "",
                "disk_encryption_service_account": "",
                "force_attach": false,
                "guest_os_features": [
                  "UEFI_COMPATIBLE",
                  "VIRTIO_SCSI_MULTIQUEUE",
                  "GVNIC"
                ],
                "initialize_params": [
                  {
                    "architecture": "X86_64",
                    "enable_confidential_compute": false,
                    "image": "https://www.googleapis.com/compute/v1/projects/debian-cloud/global/images/debian-11-bullseye-v20250610",
                    "labels": {},
                    "provisioned_iops": 0,
                    "provisioned_throughput": 0,
                    "resource_manager_tags": {},
                    "resource_policies": [],
                    "size": 10,
                    "snapshot": "",
                    "source_image_encryption_key": [],
                    "source_snapshot_encryption_key": [],
                    "storage_pool": "",
                    "type": "pd-standard"
                  }
                ],
                "interface": "",
                "kms_key_self_link": "",
                "mode": "READ_WRITE",
                "source": "https://www.googleapis.com/compute/v1/projects/monsters-eleven-social/zones/us-central1-a/disks/monsters11-vm"
              }
            ],
            "can_ip_forward": false,
            "confidential_instance_config": [],
            "cpu_platform": "Intel Broadwell",
            "creation_timestamp": "2025-07-09T12:49:47.552-07:00",
            "current_status": "RUNNING",
            "deletion_protection": false,
            "description": "",
            "desired_status": null,
            "effective_labels": {
              "goog-terraform-provisioned": "true"
            },
            "enable_display": false,
            "guest_accelerator": [],
            "hostname": "",
            "id": "projects/monsters-eleven-social/zones/us-central1-a/instances/monsters11-vm",
            "instance_encryption_key": [],
            "instance_id": "5058618677637904692",
            "key_revocation_action_type": "",
            "label_fingerprint": "vezUS-42LLM=",
            "labels": {},
            "machine_type": "e2-medium",
            "metadata": {
              "ssh-keys": "manoharvallem_connect1:ecdsa-sha2-nistp256 AAAAE2VjZHNhLXNoYTItbmlzdHAyNTYAAAAIbmlzdHAyNTYAAABBBN5ws+b5XX3IKPKc+XMr+VDHJ9qz0apCMazDc8g1W9GQl08Nu+iqMl7EFN1l0+4kXZQ7i+rzN1Ejg17ojkDTdME= google-ssh {\"userName\":\"manoharvallem.connect1@gmail.com\",\"expireOn\":\"2025-07-09T20:08:27+0000\"}\nmanoharvallem_connect1:ssh-rsa AAAAB3NzaC1yc2EAAAADAQABAAABAQCQLIi7arZXIS/k5DGaUdQleHCsi1HbqWudeNFHM0W3GhsnuHm/S3ZsZRq7umz5m9C44Nmo5AljLwI5KgAeEmW83fB/0IOzhRe03kS0Sj92rCSKBa/mtslOC2Nh1ErHxZPDgxMi71Ky63kc4rCZqAw/upWsLcbdcd+20TIQlYRmZfGOYmsfA4U+TkxJAwDJodWUGDo70U8ykccR3RZiNs6btPqvAaYhLs8LLFK7g5K99b1OPQQzzJWkGA9UQ65MS2/ELla3xuzkEsceS56b5ysL/N6OU7okdpSpR8t2lg+eyj5t/SsgAFJVOIrlDZV4aoO7+YxRuGKD+0rcl/KYq9eL google-ssh {\"userName\":\"manoharvallem.connect1@gmail.com\",\"expireOn\":\"2025-07-09T20:08:34+0000\"}",
              "startup-script": "  #!/bin/bash\r\napt-get update\r\napt-get install -y docker.io\r\nsystemctl start docker\r\nsystemctl enable docker\r\ndocker run -d -p 5000:5000 manoharvallem/monsters11-social\r\n"
            },
            "metadata_fingerprint": "-SxHyDdEOpM=",
            "metadata_startup_script": null,
            "min_cpu_platform": "",
            "name": "monsters11-vm",
            "network_interface": [
              {
                "access_config": [
                  {
                    "nat_ip": "34.67.216.19",
                    "network_tier": "PREMIUM",
                    "public_ptr_domain_name": ""
                  }
                ],
                "alias_ip_range": [],
                "internal_ipv6_prefix_length": 0,
                "ipv6_access_config": [],
                "ipv6_access_type": "",
                "ipv6_address": "",
                "name": "nic0",
                "network": "https://www.googleapis.com/compute/v1/projects/monsters-eleven-social/global/networks/default",
                "network_attachment": "",
                "network_ip": "10.128.0.3",
                "nic_type": "",
                "queue_count": 0,
                "stack_type": "IPV4_ONLY",
                "subnetwork": "https://www.googleapis.com/compute/v1/projects/monsters-eleven-social/regions/us-central1/subnetworks/default",
                "subnetwork_project": "monsters-eleven-social"
              }
            ],
            "network_performance_config": [],
            "params": [],
            "project": "monsters-eleven-social",
            "reservation_affinity": [],
            "resource_policies": [],
            "scheduling": [
              {
                "automatic_restart": true,
                "availability_domain": 0,
                "instance_termination_action": "",
                "local_ssd_recovery_timeout": [],
                "max_run_duration": [],
                "min_node_cpus": 0,
                "node_affinities": [],
                "on_host_maintenance": "MIGRATE",
                "on_instance_stop_action": [],
                "preemptible": false,
                "provisioning_model": "STANDARD",
                "termination_time": ""
              }
            ],
            "scratch_disk": [],
            "self_link": "https://www.googleapis.com/compute/v1/projects/monsters-eleven-social/zones/us-central1-a/instances/monsters11-vm",
            "service_account": [],
            "shielded_instance_config": [
              {
                "enable_integrity_monitoring": true,
                "enable_secure_boot": false,
                "enable_vtpm": true
              }
            ],
            "tags": [
              "http-server"
            ],
            "tags_fingerprint": "FYLDgkTKlA4=",
            "terraform_labels": {},
            "timeouts": null,
            "zone": "us-central1-a"
          },
          "sensitive_attributes": [
            [
              {
                "type": "get_attr",
                "value": "boot_disk"
              },
              {
                "type": "index",
                "value": {
                  "value": 0,
                  "type": "number"
                }
              },
              {
                "type": "get_attr",
                "value": "disk_encryption_key_raw"
              }
            ],
            [
              {
                "type": "get_attr",
                "value": "boot_disk"
              },
              {
                "type": "index",
                "value": {
                  "value": 0,
                  "type": "number"
                }
              },
              {
                "type": "get_attr",
                "value": "disk_encryption_key_rsa"
              }
            ]
          ],
          "private": "eyJlMmJmYjczMC1lY2FhLTExZTYtOGY4OC0zNDM2M2JjN2M0YzAiOnsiY3JlYXRlIjoxMjAwMDAwMDAwMDAwLCJkZWxldGUiOjEyMDAwMDAwMDAwMDAsInVwZGF0ZSI6MTIwMDAwMDAwMDAwMH0sInNjaGVtYV92ZXJzaW9uIjoiNiJ9"
        }
      ]
    }
  ],
  "check_results": null
}
